// !$*UTF8*$!
{
	archiveVersion = 1;
	classes = {
	};
	objectVersion = 56;
	objects = {

/* Begin PBXBuildFile section */
		847B081D2AD2A4DF007630D0 /* AppDelegate.swift in Sources */ = {isa = PBXBuildFile; fileRef = 847B081C2AD2A4DF007630D0 /* AppDelegate.swift */; };
		847B081F2AD2A4DF007630D0 /* SceneDelegate.swift in Sources */ = {isa = PBXBuildFile; fileRef = 847B081E2AD2A4DF007630D0 /* SceneDelegate.swift */; };
		847B08212AD2A4DF007630D0 /* ViewController.swift in Sources */ = {isa = PBXBuildFile; fileRef = 847B08202AD2A4DF007630D0 /* ViewController.swift */; };
		847B08242AD2A4DF007630D0 /* Main.storyboard in Resources */ = {isa = PBXBuildFile; fileRef = 847B08222AD2A4DF007630D0 /* Main.storyboard */; };
		847B08262AD2A4E1007630D0 /* Assets.xcassets in Resources */ = {isa = PBXBuildFile; fileRef = 847B08252AD2A4E1007630D0 /* Assets.xcassets */; };
		847B08292AD2A4E1007630D0 /* LaunchScreen.storyboard in Resources */ = {isa = PBXBuildFile; fileRef = 847B08272AD2A4E1007630D0 /* LaunchScreen.storyboard */; };
		847B08332AD2B2BB007630D0 /* SearchResultsViewController.swift in Sources */ = {isa = PBXBuildFile; fileRef = 847B08322AD2B2BB007630D0 /* SearchResultsViewController.swift */; };
		847B08352AD2B3E6007630D0 /* ProfilesTableViewCell.swift in Sources */ = {isa = PBXBuildFile; fileRef = 847B08342AD2B3E6007630D0 /* ProfilesTableViewCell.swift */; };
		84D568122AD2DB8000E8CAB9 /* UserModel.swift in Sources */ = {isa = PBXBuildFile; fileRef = 84D568112AD2DB8000E8CAB9 /* UserModel.swift */; };
		84D5681A2AD2E93600E8CAB9 /* SDWebImage in Frameworks */ = {isa = PBXBuildFile; productRef = 84D568192AD2E93600E8CAB9 /* SDWebImage */; };
		84D5681C2AD2E93600E8CAB9 /* SDWebImageMapKit in Frameworks */ = {isa = PBXBuildFile; productRef = 84D5681B2AD2E93600E8CAB9 /* SDWebImageMapKit */; };
		84D5681E2AD3014400E8CAB9 /* ProfileViewController.swift in Sources */ = {isa = PBXBuildFile; fileRef = 84D5681D2AD3014400E8CAB9 /* ProfileViewController.swift */; };
		84D568202AD304E700E8CAB9 /* SearchResult.swift in Sources */ = {isa = PBXBuildFile; fileRef = 84D5681F2AD304E700E8CAB9 /* SearchResult.swift */; };
/* End PBXBuildFile section */

/* Begin PBXFileReference section */
		847B08192AD2A4DF007630D0 /* Github-Search.app */ = {isa = PBXFileReference; explicitFileType = wrapper.application; includeInIndex = 0; path = "Github-Search.app"; sourceTree = BUILT_PRODUCTS_DIR; };
		847B081C2AD2A4DF007630D0 /* AppDelegate.swift */ = {isa = PBXFileReference; lastKnownFileType = sourcecode.swift; path = AppDelegate.swift; sourceTree = "<group>"; };
		847B081E2AD2A4DF007630D0 /* SceneDelegate.swift */ = {isa = PBXFileReference; lastKnownFileType = sourcecode.swift; path = SceneDelegate.swift; sourceTree = "<group>"; };
		847B08202AD2A4DF007630D0 /* ViewController.swift */ = {isa = PBXFileReference; lastKnownFileType = sourcecode.swift; path = ViewController.swift; sourceTree = "<group>"; };
		847B08232AD2A4DF007630D0 /* Base */ = {isa = PBXFileReference; lastKnownFileType = file.storyboard; name = Base; path = Base.lproj/Main.storyboard; sourceTree = "<group>"; };
		847B08252AD2A4E1007630D0 /* Assets.xcassets */ = {isa = PBXFileReference; lastKnownFileType = folder.assetcatalog; path = Assets.xcassets; sourceTree = "<group>"; };
		847B08282AD2A4E1007630D0 /* Base */ = {isa = PBXFileReference; lastKnownFileType = file.storyboard; name = Base; path = Base.lproj/LaunchScreen.storyboard; sourceTree = "<group>"; };
		847B082A2AD2A4E1007630D0 /* Info.plist */ = {isa = PBXFileReference; lastKnownFileType = text.plist.xml; path = Info.plist; sourceTree = "<group>"; };
		847B08322AD2B2BB007630D0 /* SearchResultsViewController.swift */ = {isa = PBXFileReference; lastKnownFileType = sourcecode.swift; path = SearchResultsViewController.swift; sourceTree = "<group>"; };
		847B08342AD2B3E6007630D0 /* ProfilesTableViewCell.swift */ = {isa = PBXFileReference; lastKnownFileType = sourcecode.swift; path = ProfilesTableViewCell.swift; sourceTree = "<group>"; };
		84D568112AD2DB8000E8CAB9 /* UserModel.swift */ = {isa = PBXFileReference; lastKnownFileType = sourcecode.swift; path = UserModel.swift; sourceTree = "<group>"; };
		84D5681D2AD3014400E8CAB9 /* ProfileViewController.swift */ = {isa = PBXFileReference; lastKnownFileType = sourcecode.swift; path = ProfileViewController.swift; sourceTree = "<group>"; };
		84D5681F2AD304E700E8CAB9 /* SearchResult.swift */ = {isa = PBXFileReference; lastKnownFileType = sourcecode.swift; path = SearchResult.swift; sourceTree = "<group>"; };
/* End PBXFileReference section */

/* Begin PBXFrameworksBuildPhase section */
		847B08162AD2A4DF007630D0 /* Frameworks */ = {
			isa = PBXFrameworksBuildPhase;
			buildActionMask = 2147483647;
			files = (
				84D5681C2AD2E93600E8CAB9 /* SDWebImageMapKit in Frameworks */,
				84D5681A2AD2E93600E8CAB9 /* SDWebImage in Frameworks */,
			);
			runOnlyForDeploymentPostprocessing = 0;
		};
/* End PBXFrameworksBuildPhase section */

/* Begin PBXGroup section */
		847B08102AD2A4DF007630D0 = {
			isa = PBXGroup;
			children = (
				847B081B2AD2A4DF007630D0 /* Github-Search */,
				847B081A2AD2A4DF007630D0 /* Products */,
			);
			sourceTree = "<group>";
		};
		847B081A2AD2A4DF007630D0 /* Products */ = {
			isa = PBXGroup;
			children = (
				847B08192AD2A4DF007630D0 /* Github-Search.app */,
			);
			name = Products;
			sourceTree = "<group>";
		};
		847B081B2AD2A4DF007630D0 /* Github-Search */ = {
			isa = PBXGroup;
			children = (
				84D568222AD32D1400E8CAB9 /* Models */,
				84D568242AD32D4B00E8CAB9 /* Views */,
				84D568232AD32D2F00E8CAB9 /* Controllers */,
				84D568212AD32CB800E8CAB9 /* Resources */,
				847B082A2AD2A4E1007630D0 /* Info.plist */,
			);
			path = "Github-Search";
			sourceTree = "<group>";
		};
		84D568212AD32CB800E8CAB9 /* Resources */ = {
			isa = PBXGroup;
			children = (
				847B08272AD2A4E1007630D0 /* LaunchScreen.storyboard */,
				847B08222AD2A4DF007630D0 /* Main.storyboard */,
				847B081E2AD2A4DF007630D0 /* SceneDelegate.swift */,
				847B081C2AD2A4DF007630D0 /* AppDelegate.swift */,
				847B08252AD2A4E1007630D0 /* Assets.xcassets */,
			);
			path = Resources;
			sourceTree = "<group>";
		};
		84D568222AD32D1400E8CAB9 /* Models */ = {
			isa = PBXGroup;
			children = (
				84D5681F2AD304E700E8CAB9 /* SearchResult.swift */,
				84D568112AD2DB8000E8CAB9 /* UserModel.swift */,
			);
			path = Models;
			sourceTree = "<group>";
		};
		84D568232AD32D2F00E8CAB9 /* Controllers */ = {
			isa = PBXGroup;
			children = (
				847B08202AD2A4DF007630D0 /* ViewController.swift */,
				847B08322AD2B2BB007630D0 /* SearchResultsViewController.swift */,
				84D5681D2AD3014400E8CAB9 /* ProfileViewController.swift */,
			);
			path = Controllers;
			sourceTree = "<group>";
		};
		84D568242AD32D4B00E8CAB9 /* Views */ = {
			isa = PBXGroup;
			children = (
				847B08342AD2B3E6007630D0 /* ProfilesTableViewCell.swift */,
			);
			path = Views;
			sourceTree = "<group>";
		};
/* End PBXGroup section */

/* Begin PBXNativeTarget section */
		847B08182AD2A4DF007630D0 /* Github-Search */ = {
			isa = PBXNativeTarget;
			buildConfigurationList = 847B082D2AD2A4E1007630D0 /* Build configuration list for PBXNativeTarget "Github-Search" */;
			buildPhases = (
				847B08152AD2A4DF007630D0 /* Sources */,
				847B08162AD2A4DF007630D0 /* Frameworks */,
				847B08172AD2A4DF007630D0 /* Resources */,
			);
			buildRules = (
			);
			dependencies = (
			);
			name = "Github-Search";
			packageProductDependencies = (
				84D568192AD2E93600E8CAB9 /* SDWebImage */,
				84D5681B2AD2E93600E8CAB9 /* SDWebImageMapKit */,
			);
			productName = "Github-Search";
			productReference = 847B08192AD2A4DF007630D0 /* Github-Search.app */;
			productType = "com.apple.product-type.application";
		};
/* End PBXNativeTarget section */

/* Begin PBXProject section */
		847B08112AD2A4DF007630D0 /* Project object */ = {
			isa = PBXProject;
			attributes = {
				BuildIndependentTargetsInParallel = 1;
				LastSwiftUpdateCheck = 1500;
				LastUpgradeCheck = 1500;
				TargetAttributes = {
					847B08182AD2A4DF007630D0 = {
						CreatedOnToolsVersion = 15.0;
					};
				};
			};
			buildConfigurationList = 847B08142AD2A4DF007630D0 /* Build configuration list for PBXProject "Github-Search" */;
			compatibilityVersion = "Xcode 14.0";
			developmentRegion = en;
			hasScannedForEncodings = 0;
			knownRegions = (
				en,
				Base,
			);
			mainGroup = 847B08102AD2A4DF007630D0;
			packageReferences = (
				84D568182AD2E93600E8CAB9 /* XCRemoteSwiftPackageReference "SDWebImage" */,
			);
			productRefGroup = 847B081A2AD2A4DF007630D0 /* Products */;
			projectDirPath = "";
			projectRoot = "";
			targets = (
				847B08182AD2A4DF007630D0 /* Github-Search */,
			);
		};
/* End PBXProject section */

/* Begin PBXResourcesBuildPhase section */
		847B08172AD2A4DF007630D0 /* Resources */ = {
			isa = PBXResourcesBuildPhase;
			buildActionMask = 2147483647;
			files = (
				847B08292AD2A4E1007630D0 /* LaunchScreen.storyboard in Resources */,
				847B08262AD2A4E1007630D0 /* Assets.xcassets in Resources */,
				847B08242AD2A4DF007630D0 /* Main.storyboard in Resources */,
			);
			runOnlyForDeploymentPostprocessing = 0;
		};
/* End PBXResourcesBuildPhase section */

/* Begin PBXSourcesBuildPhase section */
		847B08152AD2A4DF007630D0 /* Sources */ = {
			isa = PBXSourcesBuildPhase;
			buildActionMask = 2147483647;
			files = (
				847B08212AD2A4DF007630D0 /* ViewController.swift in Sources */,
				84D568122AD2DB8000E8CAB9 /* UserModel.swift in Sources */,
				84D568202AD304E700E8CAB9 /* SearchResult.swift in Sources */,
				847B081D2AD2A4DF007630D0 /* AppDelegate.swift in Sources */,
				847B081F2AD2A4DF007630D0 /* SceneDelegate.swift in Sources */,
				84D5681E2AD3014400E8CAB9 /* ProfileViewController.swift in Sources */,
				847B08332AD2B2BB007630D0 /* SearchResultsViewController.swift in Sources */,
				847B08352AD2B3E6007630D0 /* ProfilesTableViewCell.swift in Sources */,
			);
			runOnlyForDeploymentPostprocessing = 0;
		};
/* End PBXSourcesBuildPhase section */

/* Begin PBXVariantGroup section */
		847B08222AD2A4DF007630D0 /* Main.storyboard */ = {
			isa = PBXVariantGroup;
			children = (
				847B08232AD2A4DF007630D0 /* Base */,
			);
			name = Main.storyboard;
			sourceTree = "<group>";
		};
		847B08272AD2A4E1007630D0 /* LaunchScreen.storyboard */ = {
			isa = PBXVariantGroup;
			children = (
				847B08282AD2A4E1007630D0 /* Base */,
			);
			name = LaunchScreen.storyboard;
			sourceTree = "<group>";
		};
/* End PBXVariantGroup section */

/* Begin XCBuildConfiguration section */
		847B082B2AD2A4E1007630D0 /* Debug */ = {
			isa = XCBuildConfiguration;
			buildSettings = {
				ALWAYS_SEARCH_USER_PATHS = NO;
				ASSETCATALOG_COMPILER_GENERATE_SWIFT_ASSET_SYMBOL_EXTENSIONS = YES;
				CLANG_ANALYZER_NONNULL = YES;
				CLANG_ANALYZER_NUMBER_OBJECT_CONVERSION = YES_AGGRESSIVE;
				CLANG_CXX_LANGUAGE_STANDARD = "gnu++20";
				CLANG_ENABLE_MODULES = YES;
				CLANG_ENABLE_OBJC_ARC = YES;
				CLANG_ENABLE_OBJC_WEAK = YES;
				CLANG_WARN_BLOCK_CAPTURE_AUTORELEASING = YES;
				CLANG_WARN_BOOL_CONVERSION = YES;
				CLANG_WARN_COMMA = YES;
				CLANG_WARN_CONSTANT_CONVERSION = YES;
				CLANG_WARN_DEPRECATED_OBJC_IMPLEMENTATIONS = YES;
				CLANG_WARN_DIRECT_OBJC_ISA_USAGE = YES_ERROR;
				CLANG_WARN_DOCUMENTATION_COMMENTS = YES;
				CLANG_WARN_EMPTY_BODY = YES;
				CLANG_WARN_ENUM_CONVERSION = YES;
				CLANG_WARN_INFINITE_RECURSION = YES;
				CLANG_WARN_INT_CONVERSION = YES;
				CLANG_WARN_NON_LITERAL_NULL_CONVERSION = YES;
				CLANG_WARN_OBJC_IMPLICIT_RETAIN_SELF = YES;
				CLANG_WARN_OBJC_LITERAL_CONVERSION = YES;
				CLANG_WARN_OBJC_ROOT_CLASS = YES_ERROR;
				CLANG_WARN_QUOTED_INCLUDE_IN_FRAMEWORK_HEADER = YES;
				CLANG_WARN_RANGE_LOOP_ANALYSIS = YES;
				CLANG_WARN_STRICT_PROTOTYPES = YES;
				CLANG_WARN_SUSPICIOUS_MOVE = YES;
				CLANG_WARN_UNGUARDED_AVAILABILITY = YES_AGGRESSIVE;
				CLANG_WARN_UNREACHABLE_CODE = YES;
				CLANG_WARN__DUPLICATE_METHOD_MATCH = YES;
				COPY_PHASE_STRIP = NO;
				DEBUG_INFORMATION_FORMAT = dwarf;
				ENABLE_STRICT_OBJC_MSGSEND = YES;
				ENABLE_TESTABILITY = YES;
				ENABLE_USER_SCRIPT_SANDBOXING = YES;
				GCC_C_LANGUAGE_STANDARD = gnu17;
				GCC_DYNAMIC_NO_PIC = NO;
				GCC_NO_COMMON_BLOCKS = YES;
				GCC_OPTIMIZATION_LEVEL = 0;
				GCC_PREPROCESSOR_DEFINITIONS = (
					"DEBUG=1",
					"$(inherited)",
				);
				GCC_WARN_64_TO_32_BIT_CONVERSION = YES;
				GCC_WARN_ABOUT_RETURN_TYPE = YES_ERROR;
				GCC_WARN_UNDECLARED_SELECTOR = YES;
				GCC_WARN_UNINITIALIZED_AUTOS = YES_AGGRESSIVE;
				GCC_WARN_UNUSED_FUNCTION = YES;
				GCC_WARN_UNUSED_VARIABLE = YES;
				IPHONEOS_DEPLOYMENT_TARGET = 17.0;
				LOCALIZATION_PREFERS_STRING_CATALOGS = YES;
				MTL_ENABLE_DEBUG_INFO = INCLUDE_SOURCE;
				MTL_FAST_MATH = YES;
				ONLY_ACTIVE_ARCH = YES;
				SDKROOT = iphoneos;
				SWIFT_ACTIVE_COMPILATION_CONDITIONS = "DEBUG $(inherited)";
				SWIFT_OPTIMIZATION_LEVEL = "-Onone";
			};
			name = Debug;
		};
		847B082C2AD2A4E1007630D0 /* Release */ = {
			isa = XCBuildConfiguration;
			buildSettings = {
				ALWAYS_SEARCH_USER_PATHS = NO;
				ASSETCATALOG_COMPILER_GENERATE_SWIFT_ASSET_SYMBOL_EXTENSIONS = YES;
				CLANG_ANALYZER_NONNULL = YES;
				CLANG_ANALYZER_NUMBER_OBJECT_CONVERSION = YES_AGGRESSIVE;
				CLANG_CXX_LANGUAGE_STANDARD = "gnu++20";
				CLANG_ENABLE_MODULES = YES;
				CLANG_ENABLE_OBJC_ARC = YES;
				CLANG_ENABLE_OBJC_WEAK = YES;
				CLANG_WARN_BLOCK_CAPTURE_AUTORELEASING = YES;
				CLANG_WARN_BOOL_CONVERSION = YES;
				CLANG_WARN_COMMA = YES;
				CLANG_WARN_CONSTANT_CONVERSION = YES;
				CLANG_WARN_DEPRECATED_OBJC_IMPLEMENTATIONS = YES;
				CLANG_WARN_DIRECT_OBJC_ISA_USAGE = YES_ERROR;
				CLANG_WARN_DOCUMENTATION_COMMENTS = YES;
				CLANG_WARN_EMPTY_BODY = YES;
				CLANG_WARN_ENUM_CONVERSION = YES;
				CLANG_WARN_INFINITE_RECURSION = YES;
				CLANG_WARN_INT_CONVERSION = YES;
				CLANG_WARN_NON_LITERAL_NULL_CONVERSION = YES;
				CLANG_WARN_OBJC_IMPLICIT_RETAIN_SELF = YES;
				CLANG_WARN_OBJC_LITERAL_CONVERSION = YES;
				CLANG_WARN_OBJC_ROOT_CLASS = YES_ERROR;
				CLANG_WARN_QUOTED_INCLUDE_IN_FRAMEWORK_HEADER = YES;
				CLANG_WARN_RANGE_LOOP_ANALYSIS = YES;
				CLANG_WARN_STRICT_PROTOTYPES = YES;
				CLANG_WARN_SUSPICIOUS_MOVE = YES;
				CLANG_WARN_UNGUARDED_AVAILABILITY = YES_AGGRESSIVE;
				CLANG_WARN_UNREACHABLE_CODE = YES;
				CLANG_WARN__DUPLICATE_METHOD_MATCH = YES;
				COPY_PHASE_STRIP = NO;
				DEBUG_INFORMATION_FORMAT = "dwarf-with-dsym";
				ENABLE_NS_ASSERTIONS = NO;
				ENABLE_STRICT_OBJC_MSGSEND = YES;
				ENABLE_USER_SCRIPT_SANDBOXING = YES;
				GCC_C_LANGUAGE_STANDARD = gnu17;
				GCC_NO_COMMON_BLOCKS = YES;
				GCC_WARN_64_TO_32_BIT_CONVERSION = YES;
				GCC_WARN_ABOUT_RETURN_TYPE = YES_ERROR;
				GCC_WARN_UNDECLARED_SELECTOR = YES;
				GCC_WARN_UNINITIALIZED_AUTOS = YES_AGGRESSIVE;
				GCC_WARN_UNUSED_FUNCTION = YES;
				GCC_WARN_UNUSED_VARIABLE = YES;
				IPHONEOS_DEPLOYMENT_TARGET = 17.0;
				LOCALIZATION_PREFERS_STRING_CATALOGS = YES;
				MTL_ENABLE_DEBUG_INFO = NO;
				MTL_FAST_MATH = YES;
				SDKROOT = iphoneos;
				SWIFT_COMPILATION_MODE = wholemodule;
				VALIDATE_PRODUCT = YES;
			};
			name = Release;
		};
		847B082E2AD2A4E1007630D0 /* Debug */ = {
			isa = XCBuildConfiguration;
			buildSettings = {
				ASSETCATALOG_COMPILER_APPICON_NAME = AppIcon;
				ASSETCATALOG_COMPILER_GLOBAL_ACCENT_COLOR_NAME = AccentColor;
				CODE_SIGN_STYLE = Automatic;
				CURRENT_PROJECT_VERSION = 1;
				DEVELOPMENT_TEAM = F49PTZF8DC;
				GENERATE_INFOPLIST_FILE = YES;
				INFOPLIST_FILE = "Github-Search/Info.plist";
				INFOPLIST_KEY_UIApplicationSupportsIndirectInputEvents = YES;
				INFOPLIST_KEY_UILaunchStoryboardName = LaunchScreen;
				INFOPLIST_KEY_UIMainStoryboardFile = Main;
				INFOPLIST_KEY_UISupportedInterfaceOrientations = UIInterfaceOrientationPortrait;
				IPHONEOS_DEPLOYMENT_TARGET = 16.4;
				LD_RUNPATH_SEARCH_PATHS = (
					"$(inherited)",
					"@executable_path/Frameworks",
				);
				MARKETING_VERSION = 1.0;
				PRODUCT_BUNDLE_IDENTIFIER = "dhanajayChhabra.Github-Search";
				PRODUCT_NAME = "$(TARGET_NAME)";
				SWIFT_EMIT_LOC_STRINGS = YES;
				SWIFT_VERSION = 5.0;
				TARGETED_DEVICE_FAMILY = "1,2";
			};
			name = Debug;
		};
		847B082F2AD2A4E1007630D0 /* Release */ = {
			isa = XCBuildConfiguration;
			buildSettings = {
				ASSETCATALOG_COMPILER_APPICON_NAME = AppIcon;
				ASSETCATALOG_COMPILER_GLOBAL_ACCENT_COLOR_NAME = AccentColor;
				CODE_SIGN_STYLE = Automatic;
				CURRENT_PROJECT_VERSION = 1;
				DEVELOPMENT_TEAM = F49PTZF8DC;
				GENERATE_INFOPLIST_FILE = YES;
				INFOPLIST_FILE = "Github-Search/Info.plist";
				INFOPLIST_KEY_UIApplicationSupportsIndirectInputEvents = YES;
				INFOPLIST_KEY_UILaunchStoryboardName = LaunchScreen;
				INFOPLIST_KEY_UIMainStoryboardFile = Main;
				INFOPLIST_KEY_UISupportedInterfaceOrientations = UIInterfaceOrientationPortrait;
				IPHONEOS_DEPLOYMENT_TARGET = 16.4;
				LD_RUNPATH_SEARCH_PATHS = (
					"$(inherited)",
					"@executable_path/Frameworks",
				);
				MARKETING_VERSION = 1.0;
				PRODUCT_BUNDLE_IDENTIFIER = "dhanajayChhabra.Github-Search";
				PRODUCT_NAME = "$(TARGET_NAME)";
				SWIFT_EMIT_LOC_STRINGS = YES;
				SWIFT_VERSION = 5.0;
				TARGETED_DEVICE_FAMILY = "1,2";
			};
			name = Release;
		};
/* End XCBuildConfiguration section */

/* Begin XCConfigurationList section */
		847B08142AD2A4DF007630D0 /* Build configuration list for PBXProject "Github-Search" */ = {
			isa = XCConfigurationList;
			buildConfigurations = (
				847B082B2AD2A4E1007630D0 /* Debug */,
				847B082C2AD2A4E1007630D0 /* Release */,
			);
			defaultConfigurationIsVisible = 0;
			defaultConfigurationName = Release;
		};
		847B082D2AD2A4E1007630D0 /* Build configuration list for PBXNativeTarget "Github-Search" */ = {
			isa = XCConfigurationList;
			buildConfigurations = (
				847B082E2AD2A4E1007630D0 /* Debug */,
				847B082F2AD2A4E1007630D0 /* Release */,
			);
			defaultConfigurationIsVisible = 0;
			defaultConfigurationName = Release;
		};
/* End XCConfigurationList section */

/* Begin XCRemoteSwiftPackageReference section */
		84D568182AD2E93600E8CAB9 /* XCRemoteSwiftPackageReference "SDWebImage" */ = {
			isa = XCRemoteSwiftPackageReference;
			repositoryURL = "https://github.com/SDWebImage/SDWebImage.git";
			requirement = {
				branch = master;
				kind = branch;
			};
		};
/* End XCRemoteSwiftPackageReference section */

/* Begin XCSwiftPackageProductDependency section */
		84D568192AD2E93600E8CAB9 /* SDWebImage */ = {
			isa = XCSwiftPackageProductDependency;
			package = 84D568182AD2E93600E8CAB9 /* XCRemoteSwiftPackageReference "SDWebImage" */;
			productName = SDWebImage;
		};
		84D5681B2AD2E93600E8CAB9 /* SDWebImageMapKit */ = {
			isa = XCSwiftPackageProductDependency;
			package = 84D568182AD2E93600E8CAB9 /* XCRemoteSwiftPackageReference "SDWebImage" */;
			productName = SDWebImageMapKit;
		};
/* End XCSwiftPackageProductDependency section */
	};
	rootObject = 847B08112AD2A4DF007630D0 /* Project object */;
}
